// !$*UTF8*$!
{
	archiveVersion = 1;
	classes = {
	};
	objectVersion = 46;
	objects = {

/* Begin PBXBuildFile section */
		39F5CF021FCC17EC00F97B1B /* th.png in Resources */ = {isa = PBXBuildFile; fileRef = 39F5CF011FCC17E500F97B1B /* th.png */; };
		39FB1C8E1F6FFD8F003BE6B2 /* AppDelegate.swift in Sources */ = {isa = PBXBuildFile; fileRef = 39FB1C8D1F6FFD8F003BE6B2 /* AppDelegate.swift */; };
		39FB1C901F6FFD8F003BE6B2 /* ViewController.swift in Sources */ = {isa = PBXBuildFile; fileRef = 39FB1C8F1F6FFD8F003BE6B2 /* ViewController.swift */; };
		39FB1C931F6FFD8F003BE6B2 /* Main.storyboard in Resources */ = {isa = PBXBuildFile; fileRef = 39FB1C911F6FFD8F003BE6B2 /* Main.storyboard */; };
		39FB1C951F6FFD8F003BE6B2 /* Assets.xcassets in Resources */ = {isa = PBXBuildFile; fileRef = 39FB1C941F6FFD8F003BE6B2 /* Assets.xcassets */; };
		39FB1C981F6FFD8F003BE6B2 /* LaunchScreen.storyboard in Resources */ = {isa = PBXBuildFile; fileRef = 39FB1C961F6FFD8F003BE6B2 /* LaunchScreen.storyboard */; };
		39FB1CA31F6FFD8F003BE6B2 /* aTests.swift in Sources */ = {isa = PBXBuildFile; fileRef = 39FB1CA21F6FFD8F003BE6B2 /* aTests.swift */; };
		39FB1CAE1F6FFD8F003BE6B2 /* aUITests.swift in Sources */ = {isa = PBXBuildFile; fileRef = 39FB1CAD1F6FFD8F003BE6B2 /* aUITests.swift */; };
/* End PBXBuildFile section */

/* Begin PBXContainerItemProxy section */
		39FB1C9F1F6FFD8F003BE6B2 /* PBXContainerItemProxy */ = {
			isa = PBXContainerItemProxy;
			containerPortal = 39FB1C821F6FFD8F003BE6B2 /* Project object */;
			proxyType = 1;
			remoteGlobalIDString = 39FB1C891F6FFD8F003BE6B2;
			remoteInfo = a;
		};
		39FB1CAA1F6FFD8F003BE6B2 /* PBXContainerItemProxy */ = {
			isa = PBXContainerItemProxy;
			containerPortal = 39FB1C821F6FFD8F003BE6B2 /* Project object */;
			proxyType = 1;
			remoteGlobalIDString = 39FB1C891F6FFD8F003BE6B2;
			remoteInfo = a;
		};
/* End PBXContainerItemProxy section */

/* Begin PBXFileReference section */
		39F5CF011FCC17E500F97B1B /* th.png */ = {isa = PBXFileReference; lastKnownFileType = image.png; path = th.png; sourceTree = "<group>"; };
		39FB1C8A1F6FFD8F003BE6B2 /* a.app */ = {isa = PBXFileReference; explicitFileType = wrapper.application; includeInIndex = 0; path = a.app; sourceTree = BUILT_PRODUCTS_DIR; };
		39FB1C8D1F6FFD8F003BE6B2 /* AppDelegate.swift */ = {isa = PBXFileReference; lastKnownFileType = sourcecode.swift; path = AppDelegate.swift; sourceTree = "<group>"; };
		39FB1C8F1F6FFD8F003BE6B2 /* ViewController.swift */ = {isa = PBXFileReference; lastKnownFileType = sourcecode.swift; path = ViewController.swift; sourceTree = "<group>"; };
		39FB1C921F6FFD8F003BE6B2 /* Base */ = {isa = PBXFileReference; lastKnownFileType = file.storyboard; name = Base; path = Base.lproj/Main.storyboard; sourceTree = "<group>"; };
		39FB1C941F6FFD8F003BE6B2 /* Assets.xcassets */ = {isa = PBXFileReference; lastKnownFileType = folder.assetcatalog; path = Assets.xcassets; sourceTree = "<group>"; };
		39FB1C971F6FFD8F003BE6B2 /* Base */ = {isa = PBXFileReference; lastKnownFileType = file.storyboard; name = Base; path = Base.lproj/LaunchScreen.storyboard; sourceTree = "<group>"; };
		39FB1C991F6FFD8F003BE6B2 /* Info.plist */ = {isa = PBXFileReference; lastKnownFileType = text.plist.xml; path = Info.plist; sourceTree = "<group>"; };
		39FB1C9E1F6FFD8F003BE6B2 /* aTests.xctest */ = {isa = PBXFileReference; explicitFileType = wrapper.cfbundle; includeInIndex = 0; path = aTests.xctest; sourceTree = BUILT_PRODUCTS_DIR; };
		39FB1CA21F6FFD8F003BE6B2 /* aTests.swift */ = {isa = PBXFileReference; lastKnownFileType = sourcecode.swift; path = aTests.swift; sourceTree = "<group>"; };
		39FB1CA41F6FFD8F003BE6B2 /* Info.plist */ = {isa = PBXFileReference; lastKnownFileType = text.plist.xml; path = Info.plist; sourceTree = "<group>"; };
		39FB1CA91F6FFD8F003BE6B2 /* aUITests.xctest */ = {isa = PBXFileReference; explicitFileType = wrapper.cfbundle; includeInIndex = 0; path = aUITests.xctest; sourceTree = BUILT_PRODUCTS_DIR; };
		39FB1CAD1F6FFD8F003BE6B2 /* aUITests.swift */ = {isa = PBXFileReference; lastKnownFileType = sourcecode.swift; path = aUITests.swift; sourceTree = "<group>"; };
		39FB1CAF1F6FFD8F003BE6B2 /* Info.plist */ = {isa = PBXFileReference; lastKnownFileType = text.plist.xml; path = Info.plist; sourceTree = "<group>"; };
/* End PBXFileReference section */

/* Begin PBXFrameworksBuildPhase section */
		39FB1C871F6FFD8F003BE6B2 /* Frameworks */ = {
			isa = PBXFrameworksBuildPhase;
			buildActionMask = 2147483647;
			files = (
			);
			runOnlyForDeploymentPostprocessing = 0;
		};
		39FB1C9B1F6FFD8F003BE6B2 /* Frameworks */ = {
			isa = PBXFrameworksBuildPhase;
			buildActionMask = 2147483647;
			files = (
			);
			runOnlyForDeploymentPostprocessing = 0;
		};
		39FB1CA61F6FFD8F003BE6B2 /* Frameworks */ = {
			isa = PBXFrameworksBuildPhase;
			buildActionMask = 2147483647;
			files = (
			);
			runOnlyForDeploymentPostprocessing = 0;
		};
/* End PBXFrameworksBuildPhase section */

/* Begin PBXGroup section */
		39FB1C811F6FFD8F003BE6B2 = {
			isa = PBXGroup;
			children = (
				39FB1C8C1F6FFD8F003BE6B2 /* a */,
				39FB1CA11F6FFD8F003BE6B2 /* aTests */,
				39FB1CAC1F6FFD8F003BE6B2 /* aUITests */,
				39FB1C8B1F6FFD8F003BE6B2 /* Products */,
			);
			sourceTree = "<group>";
		};
		39FB1C8B1F6FFD8F003BE6B2 /* Products */ = {
			isa = PBXGroup;
			children = (
				39FB1C8A1F6FFD8F003BE6B2 /* a.app */,
				39FB1C9E1F6FFD8F003BE6B2 /* aTests.xctest */,
				39FB1CA91F6FFD8F003BE6B2 /* aUITests.xctest */,
			);
			name = Products;
			sourceTree = "<group>";
		};
		39FB1C8C1F6FFD8F003BE6B2 /* a */ = {
			isa = PBXGroup;
			children = (
				39F5CF011FCC17E500F97B1B /* th.png */,
				39FB1C8D1F6FFD8F003BE6B2 /* AppDelegate.swift */,
				39FB1C8F1F6FFD8F003BE6B2 /* ViewController.swift */,
				39FB1C911F6FFD8F003BE6B2 /* Main.storyboard */,
				39FB1C941F6FFD8F003BE6B2 /* Assets.xcassets */,
				39FB1C961F6FFD8F003BE6B2 /* LaunchScreen.storyboard */,
				39FB1C991F6FFD8F003BE6B2 /* Info.plist */,
			);
			path = a;
			sourceTree = "<group>";
		};
		39FB1CA11F6FFD8F003BE6B2 /* aTests */ = {
			isa = PBXGroup;
			children = (
				39FB1CA21F6FFD8F003BE6B2 /* aTests.swift */,
				39FB1CA41F6FFD8F003BE6B2 /* Info.plist */,
			);
			path = aTests;
			sourceTree = "<group>";
		};
		39FB1CAC1F6FFD8F003BE6B2 /* aUITests */ = {
			isa = PBXGroup;
			children = (
				39FB1CAD1F6FFD8F003BE6B2 /* aUITests.swift */,
				39FB1CAF1F6FFD8F003BE6B2 /* Info.plist */,
			);
			path = aUITests;
			sourceTree = "<group>";
		};
/* End PBXGroup section */

/* Begin PBXNativeTarget section */
		39FB1C891F6FFD8F003BE6B2 /* a */ = {
			isa = PBXNativeTarget;
			buildConfigurationList = 39FB1CB21F6FFD8F003BE6B2 /* Build configuration list for PBXNativeTarget "a" */;
			buildPhases = (
				39FB1C861F6FFD8F003BE6B2 /* Sources */,
				39FB1C871F6FFD8F003BE6B2 /* Frameworks */,
				39FB1C881F6FFD8F003BE6B2 /* Resources */,
			);
			buildRules = (
			);
			dependencies = (
			);
			name = a;
			productName = a;
			productReference = 39FB1C8A1F6FFD8F003BE6B2 /* a.app */;
			productType = "com.apple.product-type.application";
		};
		39FB1C9D1F6FFD8F003BE6B2 /* aTests */ = {
			isa = PBXNativeTarget;
			buildConfigurationList = 39FB1CB51F6FFD8F003BE6B2 /* Build configuration list for PBXNativeTarget "aTests" */;
			buildPhases = (
				39FB1C9A1F6FFD8F003BE6B2 /* Sources */,
				39FB1C9B1F6FFD8F003BE6B2 /* Frameworks */,
				39FB1C9C1F6FFD8F003BE6B2 /* Resources */,
			);
			buildRules = (
			);
			dependencies = (
				39FB1CA01F6FFD8F003BE6B2 /* PBXTargetDependency */,
			);
			name = aTests;
			productName = aTests;
			productReference = 39FB1C9E1F6FFD8F003BE6B2 /* aTests.xctest */;
			productType = "com.apple.product-type.bundle.unit-test";
		};
		39FB1CA81F6FFD8F003BE6B2 /* aUITests */ = {
			isa = PBXNativeTarget;
			buildConfigurationList = 39FB1CB81F6FFD8F003BE6B2 /* Build configuration list for PBXNativeTarget "aUITests" */;
			buildPhases = (
				39FB1CA51F6FFD8F003BE6B2 /* Sources */,
				39FB1CA61F6FFD8F003BE6B2 /* Frameworks */,
				39FB1CA71F6FFD8F003BE6B2 /* Resources */,
			);
			buildRules = (
			);
			dependencies = (
				39FB1CAB1F6FFD8F003BE6B2 /* PBXTargetDependency */,
			);
			name = aUITests;
			productName = aUITests;
			productReference = 39FB1CA91F6FFD8F003BE6B2 /* aUITests.xctest */;
			productType = "com.apple.product-type.bundle.ui-testing";
		};
/* End PBXNativeTarget section */

/* Begin PBXProject section */
		39FB1C821F6FFD8F003BE6B2 /* Project object */ = {
			isa = PBXProject;
			attributes = {
				LastSwiftUpdateCheck = 0830;
				LastUpgradeCheck = 0830;
				ORGANIZATIONNAME = FatahKhair;
				TargetAttributes = {
					39FB1C891F6FFD8F003BE6B2 = {
						CreatedOnToolsVersion = 8.3.3;
						ProvisioningStyle = Automatic;
					};
					39FB1C9D1F6FFD8F003BE6B2 = {
						CreatedOnToolsVersion = 8.3.3;
						ProvisioningStyle = Automatic;
						TestTargetID = 39FB1C891F6FFD8F003BE6B2;
					};
					39FB1CA81F6FFD8F003BE6B2 = {
						CreatedOnToolsVersion = 8.3.3;
						ProvisioningStyle = Automatic;
						TestTargetID = 39FB1C891F6FFD8F003BE6B2;
					};
				};
			};
			buildConfigurationList = 39FB1C851F6FFD8F003BE6B2 /* Build configuration list for PBXProject "a" */;
			compatibilityVersion = "Xcode 3.2";
			developmentRegion = English;
			hasScannedForEncodings = 0;
			knownRegions = (
				en,
				Base,
			);
			mainGroup = 39FB1C811F6FFD8F003BE6B2;
			productRefGroup = 39FB1C8B1F6FFD8F003BE6B2 /* Products */;
			projectDirPath = "";
			projectRoot = "";
			targets = (
				39FB1C891F6FFD8F003BE6B2 /* a */,
				39FB1C9D1F6FFD8F003BE6B2 /* aTests */,
				39FB1CA81F6FFD8F003BE6B2 /* aUITests */,
			);
		};
/* End PBXProject section */

/* Begin PBXResourcesBuildPhase section */
		39FB1C881F6FFD8F003BE6B2 /* Resources */ = {
			isa = PBXResourcesBuildPhase;
			buildActionMask = 2147483647;
			files = (
				39FB1C981F6FFD8F003BE6B2 /* LaunchScreen.storyboard in Resources */,
				39F5CF021FCC17EC00F97B1B /* th.png in Resources */,
				39FB1C951F6FFD8F003BE6B2 /* Assets.xcassets in Resources */,
				39FB1C931F6FFD8F003BE6B2 /* Main.storyboard in Resources */,
			);
			runOnlyForDeploymentPostprocessing = 0;
		};
		39FB1C9C1F6FFD8F003BE6B2 /* Resources */ = {
			isa = PBXResourcesBuildPhase;
			buildActionMask = 2147483647;
			files = (
			);
			runOnlyForDeploymentPostprocessing = 0;
		};
		39FB1CA71F6FFD8F003BE6B2 /* Resources */ = {
			isa = PBXResourcesBuildPhase;
			buildActionMask = 2147483647;
			files = (
			);
			runOnlyForDeploymentPostprocessing = 0;
		};
/* End PBXResourcesBuildPhase section */

/* Begin PBXSourcesBuildPhase section */
		39FB1C861F6FFD8F003BE6B2 /* Sources */ = {
			isa = PBXSourcesBuildPhase;
			buildActionMask = 2147483647;
			files = (
				39FB1C901F6FFD8F003BE6B2 /* ViewController.swift in Sources */,
				39FB1C8E1F6FFD8F003BE6B2 /* AppDelegate.swift in Sources */,
			);
			runOnlyForDeploymentPostprocessing = 0;
		};
		39FB1C9A1F6FFD8F003BE6B2 /* Sources */ = {
			isa = PBXSourcesBuildPhase;
			buildActionMask = 2147483647;
			files = (
				39FB1CA31F6FFD8F003BE6B2 /* aTests.swift in Sources */,
			);
			runOnlyForDeploymentPostprocessing = 0;
		};
		39FB1CA51F6FFD8F003BE6B2 /* Sources */ = {
			isa = PBXSourcesBuildPhase;
			buildActionMask = 2147483647;
			files = (
				39FB1CAE1F6FFD8F003BE6B2 /* aUITests.swift in Sources */,
			);
			runOnlyForDeploymentPostprocessing = 0;
		};
/* End PBXSourcesBuildPhase section */

/* Begin PBXTargetDependency section */
		39FB1CA01F6FFD8F003BE6B2 /* PBXTargetDependency */ = {
			isa = PBXTargetDependency;
			target = 39FB1C891F6FFD8F003BE6B2 /* a */;
			targetProxy = 39FB1C9F1F6FFD8F003BE6B2 /* PBXContainerItemProxy */;
		};
		39FB1CAB1F6FFD8F003BE6B2 /* PBXTargetDependency */ = {
			isa = PBXTargetDependency;
			target = 39FB1C891F6FFD8F003BE6B2 /* a */;
			targetProxy = 39FB1CAA1F6FFD8F003BE6B2 /* PBXContainerItemProxy */;
		};
/* End PBXTargetDependency section */

/* Begin PBXVariantGroup section */
		39FB1C911F6FFD8F003BE6B2 /* Main.storyboard */ = {
			isa = PBXVariantGroup;
			children = (
				39FB1C921F6FFD8F003BE6B2 /* Base */,
			);
			name = Main.storyboard;
			sourceTree = "<group>";
		};
		39FB1C961F6FFD8F003BE6B2 /* LaunchScreen.storyboard */ = {
			isa = PBXVariantGroup;
			children = (
				39FB1C971F6FFD8F003BE6B2 /* Base */,
			);
			name = LaunchScreen.storyboard;
			sourceTree = "<group>";
		};
/* End PBXVariantGroup section */

/* Begin XCBuildConfiguration section */
		39FB1CB01F6FFD8F003BE6B2 /* Debug */ = {
			isa = XCBuildConfiguration;
			buildSettings = {
				ALWAYS_SEARCH_USER_PATHS = NO;
				CLANG_ANALYZER_NONNULL = YES;
				CLANG_ANALYZER_NUMBER_OBJECT_CONVERSION = YES_AGGRESSIVE;
				CLANG_CXX_LANGUAGE_STANDARD = "gnu++0x";
				CLANG_CXX_LIBRARY = "libc++";
				CLANG_ENABLE_MODULES = YES;
				CLANG_ENABLE_OBJC_ARC = YES;
				CLANG_WARN_BOOL_CONVERSION = YES;
				CLANG_WARN_CONSTANT_CONVERSION = YES;
				CLANG_WARN_DIRECT_OBJC_ISA_USAGE = YES_ERROR;
				CLANG_WARN_DOCUMENTATION_COMMENTS = YES;
				CLANG_WARN_EMPTY_BODY = YES;
				CLANG_WARN_ENUM_CONVERSION = YES;
				CLANG_WARN_INFINITE_RECURSION = YES;
				CLANG_WARN_INT_CONVERSION = YES;
				CLANG_WARN_OBJC_ROOT_CLASS = YES_ERROR;
				CLANG_WARN_SUSPICIOUS_MOVE = YES;
				CLANG_WARN_UNREACHABLE_CODE = YES;
				CLANG_WARN__DUPLICATE_METHOD_MATCH = YES;
				"CODE_SIGN_IDENTITY[sdk=iphoneos*]" = "iPhone Developer";
				COPY_PHASE_STRIP = NO;
				DEBUG_INFORMATION_FORMAT = dwarf;
				ENABLE_STRICT_OBJC_MSGSEND = YES;
				ENABLE_TESTABILITY = YES;
				GCC_C_LANGUAGE_STANDARD = gnu99;
				GCC_DYNAMIC_NO_PIC = NO;
				GCC_NO_COMMON_BLOCKS = YES;
				GCC_OPTIMIZATION_LEVEL = 0;
				GCC_PREPROCESSOR_DEFINITIONS = (
					"DEBUG=1",
					"$(inherited)",
				);
				GCC_WARN_64_TO_32_BIT_CONVERSION = YES;
				GCC_WARN_ABOUT_RETURN_TYPE = YES_ERROR;
				GCC_WARN_UNDECLARED_SELECTOR = YES;
				GCC_WARN_UNINITIALIZED_AUTOS = YES_AGGRESSIVE;
				GCC_WARN_UNUSED_FUNCTION = YES;
				GCC_WARN_UNUSED_VARIABLE = YES;
				IPHONEOS_DEPLOYMENT_TARGET = 10.3;
				MTL_ENABLE_DEBUG_INFO = YES;
				ONLY_ACTIVE_ARCH = YES;
				SDKROOT = iphoneos;
				SWIFT_ACTIVE_COMPILATION_CONDITIONS = DEBUG;
				SWIFT_OPTIMIZATION_LEVEL = "-Onone";
			};
			name = Debug;
		};
		39FB1CB11F6FFD8F003BE6B2 /* Release */ = {
			isa = XCBuildConfiguration;
			buildSettings = {
				ALWAYS_SEARCH_USER_PATHS = NO;
				CLANG_ANALYZER_NONNULL = YES;
				CLANG_ANALYZER_NUMBER_OBJECT_CONVERSION = YES_AGGRESSIVE;
				CLANG_CXX_LANGUAGE_STANDARD = "gnu++0x";
				CLANG_CXX_LIBRARY = "libc++";
				CLANG_ENABLE_MODULES = YES;
				CLANG_ENABLE_OBJC_ARC = YES;
				CLANG_WARN_BOOL_CONVERSION = YES;
				CLANG_WARN_CONSTANT_CONVERSION = YES;
				CLANG_WARN_DIRECT_OBJC_ISA_USAGE = YES_ERROR;
				CLANG_WARN_DOCUMENTATION_COMMENTS = YES;
				CLANG_WARN_EMPTY_BODY = YES;
				CLANG_WARN_ENUM_CONVERSION = YES;
				CLANG_WARN_INFINITE_RECURSION = YES;
				CLANG_WARN_INT_CONVERSION = YES;
				CLANG_WARN_OBJC_ROOT_CLASS = YES_ERROR;
				CLANG_WARN_SUSPICIOUS_MOVE = YES;
				CLANG_WARN_UNREACHABLE_CODE = YES;
				CLANG_WARN__DUPLICATE_METHOD_MATCH = YES;
				"CODE_SIGN_IDENTITY[sdk=iphoneos*]" = "iPhone Developer";
				COPY_PHASE_STRIP = NO;
				DEBUG_INFORMATION_FORMAT = "dwarf-with-dsym";
				ENABLE_NS_ASSERTIONS = NO;
				ENABLE_STRICT_OBJC_MSGSEND = YES;
				GCC_C_LANGUAGE_STANDARD = gnu99;
				GCC_NO_COMMON_BLOCKS = YES;
				GCC_WARN_64_TO_32_BIT_CONVERSION = YES;
				GCC_WARN_ABOUT_RETURN_TYPE = YES_ERROR;
				GCC_WARN_UNDECLARED_SELECTOR = YES;
				GCC_WARN_UNINITIALIZED_AUTOS = YES_AGGRESSIVE;
				GCC_WARN_UNUSED_FUNCTION = YES;
				GCC_WARN_UNUSED_VARIABLE = YES;
				IPHONEOS_DEPLOYMENT_TARGET = 10.3;
				MTL_ENABLE_DEBUG_INFO = NO;
				SDKROOT = iphoneos;
				SWIFT_OPTIMIZATION_LEVEL = "-Owholemodule";
				VALIDATE_PRODUCT = YES;
			};
			name = Release;
		};
		39FB1CB31F6FFD8F003BE6B2 /* Debug */ = {
			isa = XCBuildConfiguration;
			buildSettings = {
				ASSETCATALOG_COMPILER_APPICON_NAME = AppIcon;
				INFOPLIST_FILE = a/Info.plist;
				LD_RUNPATH_SEARCH_PATHS = "$(inherited) @executable_path/Frameworks";
				PRODUCT_BUNDLE_IDENTIFIER = com.fatahkhair.a;
				PRODUCT_NAME = "$(TARGET_NAME)";
				SWIFT_VERSION = 3.0;
			};
			name = Debug;
		};
		39FB1CB41F6FFD8F003BE6B2 /* Release */ = {
			isa = XCBuildConfiguration;
			buildSettings = {
				ASSETCATALOG_COMPILER_APPICON_NAME = AppIcon;
				INFOPLIST_FILE = a/Info.plist;
				LD_RUNPATH_SEARCH_PATHS = "$(inherited) @executable_path/Frameworks";
				PRODUCT_BUNDLE_IDENTIFIER = com.fatahkhair.a;
				PRODUCT_NAME = "$(TARGET_NAME)";
				SWIFT_VERSION = 3.0;
			};
			name = Release;
		};
		39FB1CB61F6FFD8F003BE6B2 /* Debug */ = {
			isa = XCBuildConfiguration;
			buildSettings = {
				ALWAYS_EMBED_SWIFT_STANDARD_LIBRARIES = YES;
				BUNDLE_LOADER = "$(TEST_HOST)";
				INFOPLIST_FILE = aTests/Info.plist;
				LD_RUNPATH_SEARCH_PATHS = "$(inherited) @executable_path/Frameworks @loader_path/Frameworks";
				PRODUCT_BUNDLE_IDENTIFIER = com.fatahkhair.aTests;
				PRODUCT_NAME = "$(TARGET_NAME)";
				SWIFT_VERSION = 3.0;
				TEST_HOST = "$(BUILT_PRODUCTS_DIR)/a.app/a";
			};
			name = Debug;
		};
		39FB1CB71F6FFD8F003BE6B2 /* Release */ = {
			isa = XCBuildConfiguration;
			buildSettings = {
				ALWAYS_EMBED_SWIFT_STANDARD_LIBRARIES = YES;
				BUNDLE_LOADER = "$(TEST_HOST)";
				INFOPLIST_FILE = aTests/Info.plist;
				LD_RUNPATH_SEARCH_PATHS = "$(inherited) @executable_path/Frameworks @loader_path/Frameworks";
				PRODUCT_BUNDLE_IDENTIFIER = com.fatahkhair.aTests;
				PRODUCT_NAME = "$(TARGET_NAME)";
				SWIFT_VERSION = 3.0;
				TEST_HOST = "$(BUILT_PRODUCTS_DIR)/a.app/a";
			};
			name = Release;
		};
		39FB1CB91F6FFD8F003BE6B2 /* Debug */ = {
			isa = XCBuildConfiguration;
			buildSettings = {
				ALWAYS_EMBED_SWIFT_STANDARD_LIBRARIES = YES;
				INFOPLIST_FILE = aUITests/Info.plist;
				LD_RUNPATH_SEARCH_PATHS = "$(inherited) @executable_path/Frameworks @loader_path/Frameworks";
				PRODUCT_BUNDLE_IDENTIFIER = com.fatahkhair.aUITests;
				PRODUCT_NAME = "$(TARGET_NAME)";
				SWIFT_VERSION = 3.0;
				TEST_TARGET_NAME = a;
			};
			name = Debug;
		};
		39FB1CBA1F6FFD8F003BE6B2 /* Release */ = {
			isa = XCBuildConfiguration;
			buildSettings = {
				ALWAYS_EMBED_SWIFT_STANDARD_LIBRARIES = YES;
				INFOPLIST_FILE = aUITests/Info.plist;
				LD_RUNPATH_SEARCH_PATHS = "$(inherited) @executable_path/Frameworks @loader_path/Frameworks";
				PRODUCT_BUNDLE_IDENTIFIER = com.fatahkhair.aUITests;
				PRODUCT_NAME = "$(TARGET_NAME)";
				SWIFT_VERSION = 3.0;
				TEST_TARGET_NAME = a;
			};
			name = Release;
		};
/* End XCBuildConfiguration section */

/* Begin XCConfigurationList section */
		39FB1C851F6FFD8F003BE6B2 /* Build configuration list for PBXProject "a" */ = {
			isa = XCConfigurationList;
			buildConfigurations = (
				39FB1CB01F6FFD8F003BE6B2 /* Debug */,
				39FB1CB11F6FFD8F003BE6B2 /* Release */,
			);
			defaultConfigurationIsVisible = 0;
			defaultConfigurationName = Release;
		};
		39FB1CB21F6FFD8F003BE6B2 /* Build configuration list for PBXNativeTarget "a" */ = {
			isa = XCConfigurationList;
			buildConfigurations = (
				39FB1CB31F6FFD8F003BE6B2 /* Debug */,
				39FB1CB41F6FFD8F003BE6B2 /* Release */,
			);
			defaultConfigurationIsVisible = 0;
			defaultConfigurationName = Release;
		};
		39FB1CB51F6FFD8F003BE6B2 /* Build configuration list for PBXNativeTarget "aTests" */ = {
			isa = XCConfigurationList;
			buildConfigurations = (
				39FB1CB61F6FFD8F003BE6B2 /* Debug */,
				39FB1CB71F6FFD8F003BE6B2 /* Release */,
			);
			defaultConfigurationIsVisible = 0;
			defaultConfigurationName = Release;
		};
		39FB1CB81F6FFD8F003BE6B2 /* Build configuration list for PBXNativeTarget "aUITests" */ = {
			isa = XCConfigurationList;
			buildConfigurations = (
				39FB1CB91F6FFD8F003BE6B2 /* Debug */,
				39FB1CBA1F6FFD8F003BE6B2 /* Release */,
			);
			defaultConfigurationIsVisible = 0;
			defaultConfigurationName = Release;
		};
/* End XCConfigurationList section */
	};
	rootObject = 39FB1C821F6FFD8F003BE6B2 /* Project object */;
}
